
Microsoft Visual Studio Solution File, Format Version 12.00
# Visual Studio 14
VisualStudioVersion = 14.0.23107.0
MinimumVisualStudioVersion = 10.0.40219.1
Project("{FAE04EC0-301F-11D3-BF4B-00C04F79EFBC}") = "RepositoryFactoryExample.ConsoleApp", "RepositoryFactoryExample.ConsoleApp\RepositoryFactoryExample.ConsoleApp.csproj", "{8F5BA89C-0A62-46B3-B37D-0B71DAB8CDFE}"
EndProject
Project("{FAE04EC0-301F-11D3-BF4B-00C04F79EFBC}") = "RepositoryFactoryExample.Business", "RepositoryFactoryExample.Business\RepositoryFactoryExample.Business.csproj", "{C2644B21-4CF3-47E2-992A-991C74656D94}"
EndProject
Global
	GlobalSection(SolutionConfigurationPlatforms) = preSolution
		Debug|Any CPU = Debug|Any CPU
		Release|Any CPU = Release|Any CPU
	EndGlobalSection
	GlobalSection(ProjectConfigurationPlatforms) = postSolution
		{8F5BA89C-0A62-46B3-B37D-0B71DAB8CDFE}.Debug|Any CPU.ActiveCfg = Debug|Any CPU
		{8F5BA89C-0A62-46B3-B37D-0B71DAB8CDFE}.Debug|Any CPU.Build.0 = Debug|Any CPU
		{8F5BA89C-0A62-46B3-B37D-0B71DAB8CDFE}.Release|Any CPU.ActiveCfg = Release|Any CPU
		{8F5BA89C-0A62-46B3-B37D-0B71DAB8CDFE}.Release|Any CPU.Build.0 = Release|Any CPU
		{C2644B21-4CF3-47E2-992A-991C74656D94}.Debug|Any CPU.ActiveCfg = Debug|Any CPU
		{C2644B21-4CF3-47E2-992A-991C74656D94}.Debug|Any CPU.Build.0 = Debug|Any CPU
		{C2644B21-4CF3-47E2-992A-991C74656D94}.Release|Any CPU.ActiveCfg = Release|Any CPU
		{C2644B21-4CF3-47E2-992A-991C74656D94}.Release|Any CPU.Build.0 = Release|Any CPU
	EndGlobalSection
	GlobalSection(SolutionProperties) = preSolution
		HideSolutionNode = FALSE
	EndGlobalSection
EndGlobal
